
Microsoft Visual Studio Solution File, Format Version 12.00
# Visual Studio 15
VisualStudioVersion = 15.0.27130.2024
MinimumVisualStudioVersion = 10.0.40219.1
Project("{9A19103F-16F7-4668-BE54-9A1E7A4F7556}") = "CSharpBasicFuntionality", "CSharpBasicFuntionality\CSharpBasicFuntionality.csproj", "{70E6333F-0041-458D-93F0-F6867E69A489}"
EndProject
Project("{FAE04EC0-301F-11D3-BF4B-00C04F79EFBC}") = "WCFBasicFunctionality", "WCFBasicFunctionality\WCFBasicFunctionality.csproj", "{7E4B06AE-44BE-4346-A69F-772165EC2296}"
EndProject
Project("{9A19103F-16F7-4668-BE54-9A1E7A4F7556}") = "Host", "Host\Host.csproj", "{581D0CB3-1815-479F-A7DE-B55676638310}"
EndProject
Project("{FAE04EC0-301F-11D3-BF4B-00C04F79EFBC}") = "WinFormsSampleApplication", "WinFormsSampleApplication\WinFormsSampleApplication.csproj", "{9BCF51C1-D3EE-40AD-A615-984B8EA1742F}"
EndProject
Project("{FAE04EC0-301F-11D3-BF4B-00C04F79EFBC}") = "SampleUnitTestProject", "SampleUnitTestProject\SampleUnitTestProject.csproj", "{A92ACE2F-FA9A-4A28-8431-429E1EF430FE}"
EndProject
Project("{9A19103F-16F7-4668-BE54-9A1E7A4F7556}") = "ASPDotNetCoreApplication_Sample", "ASPDotNetCoreApplication_Sample\ASPDotNetCoreApplication_Sample.csproj", "{1361C7BF-BF0F-4254-95B3-E4EB3A187764}"
EndProject
Project("{FAE04EC0-301F-11D3-BF4B-00C04F79EFBC}") = "ASPNetApplicationSample", "ASPNetApplicationSample\ASPNetApplicationSample.csproj", "{47085047-A133-4CCF-A4BF-45392B5628F7}"
EndProject
Project("{FAE04EC0-301F-11D3-BF4B-00C04F79EFBC}") = "SampleWPFProject", "SampleWPFProject\SampleWPFProject.csproj", "{EE61EFEE-C79C-4E91-828D-CB37D5D183A6}"
EndProject
Project("{FAE04EC0-301F-11D3-BF4B-00C04F79EFBC}") = "ClassLibrary", "ClassLibrary\ClassLibrary.csproj", "{F049DB79-5030-4BC0-AC25-49892B7D593E}"
EndProject
Project("{FAE04EC0-301F-11D3-BF4B-00C04F79EFBC}") = "ConsumeClassLib", "ConsumeClassLib\ConsumeClassLib.csproj", "{2DDAB93E-AA5F-41E5-AB80-1EBC66BE41D6}"
EndProject
Global
	GlobalSection(SolutionConfigurationPlatforms) = preSolution
		Debug|Any CPU = Debug|Any CPU
		Release|Any CPU = Release|Any CPU
	EndGlobalSection
	GlobalSection(ProjectConfigurationPlatforms) = postSolution
		{70E6333F-0041-458D-93F0-F6867E69A489}.Debug|Any CPU.ActiveCfg = Debug|Any CPU
		{70E6333F-0041-458D-93F0-F6867E69A489}.Debug|Any CPU.Build.0 = Debug|Any CPU
		{70E6333F-0041-458D-93F0-F6867E69A489}.Release|Any CPU.ActiveCfg = Release|Any CPU
		{70E6333F-0041-458D-93F0-F6867E69A489}.Release|Any CPU.Build.0 = Release|Any CPU
		{7E4B06AE-44BE-4346-A69F-772165EC2296}.Debug|Any CPU.ActiveCfg = Debug|Any CPU
		{7E4B06AE-44BE-4346-A69F-772165EC2296}.Debug|Any CPU.Build.0 = Debug|Any CPU
		{7E4B06AE-44BE-4346-A69F-772165EC2296}.Release|Any CPU.ActiveCfg = Release|Any CPU
		{7E4B06AE-44BE-4346-A69F-772165EC2296}.Release|Any CPU.Build.0 = Release|Any CPU
		{581D0CB3-1815-479F-A7DE-B55676638310}.Debug|Any CPU.ActiveCfg = Debug|Any CPU
		{581D0CB3-1815-479F-A7DE-B55676638310}.Debug|Any CPU.Build.0 = Debug|Any CPU
		{581D0CB3-1815-479F-A7DE-B55676638310}.Release|Any CPU.ActiveCfg = Release|Any CPU
		{581D0CB3-1815-479F-A7DE-B55676638310}.Release|Any CPU.Build.0 = Release|Any CPU
		{9BCF51C1-D3EE-40AD-A615-984B8EA1742F}.Debug|Any CPU.ActiveCfg = Debug|Any CPU
		{9BCF51C1-D3EE-40AD-A615-984B8EA1742F}.Debug|Any CPU.Build.0 = Debug|Any CPU
		{9BCF51C1-D3EE-40AD-A615-984B8EA1742F}.Release|Any CPU.ActiveCfg = Release|Any CPU
		{9BCF51C1-D3EE-40AD-A615-984B8EA1742F}.Release|Any CPU.Build.0 = Release|Any CPU
		{A92ACE2F-FA9A-4A28-8431-429E1EF430FE}.Debug|Any CPU.ActiveCfg = Debug|Any CPU
		{A92ACE2F-FA9A-4A28-8431-429E1EF430FE}.Debug|Any CPU.Build.0 = Debug|Any CPU
		{A92ACE2F-FA9A-4A28-8431-429E1EF430FE}.Release|Any CPU.ActiveCfg = Release|Any CPU
		{A92ACE2F-FA9A-4A28-8431-429E1EF430FE}.Release|Any CPU.Build.0 = Release|Any CPU
		{1361C7BF-BF0F-4254-95B3-E4EB3A187764}.Debug|Any CPU.ActiveCfg = Debug|Any CPU
		{1361C7BF-BF0F-4254-95B3-E4EB3A187764}.Debug|Any CPU.Build.0 = Debug|Any CPU
		{1361C7BF-BF0F-4254-95B3-E4EB3A187764}.Release|Any CPU.ActiveCfg = Release|Any CPU
		{1361C7BF-BF0F-4254-95B3-E4EB3A187764}.Release|Any CPU.Build.0 = Release|Any CPU
		{47085047-A133-4CCF-A4BF-45392B5628F7}.Debug|Any CPU.ActiveCfg = Debug|Any CPU
		{47085047-A133-4CCF-A4BF-45392B5628F7}.Debug|Any CPU.Build.0 = Debug|Any CPU
		{47085047-A133-4CCF-A4BF-45392B5628F7}.Release|Any CPU.ActiveCfg = Release|Any CPU
		{47085047-A133-4CCF-A4BF-45392B5628F7}.Release|Any CPU.Build.0 = Release|Any CPU
		{EE61EFEE-C79C-4E91-828D-CB37D5D183A6}.Debug|Any CPU.ActiveCfg = Debug|Any CPU
		{EE61EFEE-C79C-4E91-828D-CB37D5D183A6}.Debug|Any CPU.Build.0 = Debug|Any CPU
		{EE61EFEE-C79C-4E91-828D-CB37D5D183A6}.Release|Any CPU.ActiveCfg = Release|Any CPU
		{EE61EFEE-C79C-4E91-828D-CB37D5D183A6}.Release|Any CPU.Build.0 = Release|Any CPU
		{F049DB79-5030-4BC0-AC25-49892B7D593E}.Debug|Any CPU.ActiveCfg = Debug|Any CPU
		{F049DB79-5030-4BC0-AC25-49892B7D593E}.Debug|Any CPU.Build.0 = Debug|Any CPU
		{F049DB79-5030-4BC0-AC25-49892B7D593E}.Release|Any CPU.ActiveCfg = Release|Any CPU
		{F049DB79-5030-4BC0-AC25-49892B7D593E}.Release|Any CPU.Build.0 = Release|Any CPU
		{2DDAB93E-AA5F-41E5-AB80-1EBC66BE41D6}.Debug|Any CPU.ActiveCfg = Debug|Any CPU
		{2DDAB93E-AA5F-41E5-AB80-1EBC66BE41D6}.Debug|Any CPU.Build.0 = Debug|Any CPU
		{2DDAB93E-AA5F-41E5-AB80-1EBC66BE41D6}.Release|Any CPU.ActiveCfg = Release|Any CPU
		{2DDAB93E-AA5F-41E5-AB80-1EBC66BE41D6}.Release|Any CPU.Build.0 = Release|Any CPU
	EndGlobalSection
	GlobalSection(SolutionProperties) = preSolution
		HideSolutionNode = FALSE
	EndGlobalSection
	GlobalSection(ExtensibilityGlobals) = postSolution
		SolutionGuid = {FA511513-A94B-4233-8BE2-A2AC8CC1FFE9}
	EndGlobalSection
EndGlobal
